
Microsoft Visual Studio Solution File, Format Version 12.00
# Visual Studio 15
VisualStudioVersion = 15.0.26730.16
MinimumVisualStudioVersion = 10.0.40219.1
Project("{FAE04EC0-301F-11D3-BF4B-00C04F79EFBC}") = "Reindeer Hunter", "Reindeer Hunter\Reindeer Hunter.csproj", "{020B3C24-05E1-47E1-B9B2-5127A68C2D6F}"
EndProject
Project("{54435603-DBB4-11D2-8724-00A0C9A8B90C}") = "Hunt_Setup", "Hunt_Setup\Hunt_Setup.vdproj", "{00E0A332-8EFE-4153-B03D-15A7ACECBE0A}"
EndProject
Project("{2150E333-8FDC-42A3-9474-1A3956D46DE8}") = "Template PDFs", "Template PDFs", "{6F40EA55-8CF3-448A-A8C5-9CAE326725F1}"
	ProjectSection(SolutionItems) = preProject
		Template PDFs\Archive.zip = Template PDFs\Archive.zip
		Template PDFs\TemplatePDF.pdf = Template PDFs\TemplatePDF.pdf
	EndProjectSection
EndProject
Global
	GlobalSection(SolutionConfigurationPlatforms) = preSolution
		Debug|Any CPU = Debug|Any CPU
		Release|Any CPU = Release|Any CPU
	EndGlobalSection
	GlobalSection(ProjectConfigurationPlatforms) = postSolution
		{020B3C24-05E1-47E1-B9B2-5127A68C2D6F}.Debug|Any CPU.ActiveCfg = Debug|Any CPU
		{020B3C24-05E1-47E1-B9B2-5127A68C2D6F}.Debug|Any CPU.Build.0 = Debug|Any CPU
		{020B3C24-05E1-47E1-B9B2-5127A68C2D6F}.Release|Any CPU.ActiveCfg = Release|Any CPU
		{020B3C24-05E1-47E1-B9B2-5127A68C2D6F}.Release|Any CPU.Build.0 = Release|Any CPU
		{00E0A332-8EFE-4153-B03D-15A7ACECBE0A}.Debug|Any CPU.ActiveCfg = Debug
		{00E0A332-8EFE-4153-B03D-15A7ACECBE0A}.Release|Any CPU.ActiveCfg = Release
		{00E0A332-8EFE-4153-B03D-15A7ACECBE0A}.Release|Any CPU.Build.0 = Release
	EndGlobalSection
	GlobalSection(SolutionProperties) = preSolution
		HideSolutionNode = FALSE
	EndGlobalSection
	GlobalSection(ExtensibilityGlobals) = postSolution
		SolutionGuid = {C597AD19-CE72-430C-8F75-86DDEB4ACF3E}
	EndGlobalSection
EndGlobal
